[[package]]
category = "main"
description = "Make git version information (e.g. git tag name, git commit id, ...) available to your C++ or python source files. A simple use case scenario is to output this version information when the application is called with \"--version\"."
name = "git-version"
optional = false
python-versions = "*"
version = "1.5"

[metadata]
content-hash = "6fb154c10c2fc2c24efdea1af6359c182aaedf7e88a199a7f94e44d3d0d2ad06"
python-versions = "^3.7"

[metadata.hashes]
git-version = ["1a4f30dd066d02cd6622869f39fd964e6fd9f0a270120eaa1acae033648a69a1", "43f73a7c4d31f22a2cb418174e50f8843c57b31a49c39e177566b174b753e80e", "dcb199f91a0e0bbd275e1789452f4527a0fa4cc091ef8c37f170d3e9ea146bbb"]
